// !$*UTF8*$!
{
	archiveVersion = 1;
	classes = {
	};
	objectVersion = 56;
	objects = {

/* Begin PBXBuildFile section */
		8925CDF22D532DF0008D69CE /* LaunchView.swift in Sources */ = {isa = PBXBuildFile; fileRef = 8925CDF12D532DF0008D69CE /* LaunchView.swift */; };
		8925CDF52D532F90008D69CE /* LaunchScreen.storyboard in Resources */ = {isa = PBXBuildFile; fileRef = 8925CDF42D532F90008D69CE /* LaunchScreen.storyboard */; };
		8925CDF72D5332C7008D69CE /* LaunchViewModel.swift in Sources */ = {isa = PBXBuildFile; fileRef = 8925CDF62D5332C7008D69CE /* LaunchViewModel.swift */; };
		8925CDFA2D5360E6008D69CE /* CircleButtonView.swift in Sources */ = {isa = PBXBuildFile; fileRef = 8925CDF92D5360E6008D69CE /* CircleButtonView.swift */; };
		8925CDFD2D53617C008D69CE /* SettingsView.swift in Sources */ = {isa = PBXBuildFile; fileRef = 8925CDFC2D53617C008D69CE /* SettingsView.swift */; };
		8925CDFF2D53631E008D69CE /* XmarkButton.swift in Sources */ = {isa = PBXBuildFile; fileRef = 8925CDFE2D53631E008D69CE /* XmarkButton.swift */; };
		893D90682CD38AC400968AFC /* TicTacToeViewModel.swift in Sources */ = {isa = PBXBuildFile; fileRef = 893D90672CD38AC400968AFC /* TicTacToeViewModel.swift */; };
		893D906A2CD38ADD00968AFC /* TicTacToeModel.swift in Sources */ = {isa = PBXBuildFile; fileRef = 893D90692CD38ADD00968AFC /* TicTacToeModel.swift */; };
		89AC6EEF2CCE3C4900FFACE7 /* XOXO_TicTacToeApp.swift in Sources */ = {isa = PBXBuildFile; fileRef = 89AC6EEE2CCE3C4900FFACE7 /* XOXO_TicTacToeApp.swift */; };
		89AC6EF12CCE3C4900FFACE7 /* HomeView.swift in Sources */ = {isa = PBXBuildFile; fileRef = 89AC6EF02CCE3C4900FFACE7 /* HomeView.swift */; };
		89AC6EF32CCE3C4B00FFACE7 /* Assets.xcassets in Resources */ = {isa = PBXBuildFile; fileRef = 89AC6EF22CCE3C4B00FFACE7 /* Assets.xcassets */; };
		89AC6EF62CCE3C4B00FFACE7 /* Preview Assets.xcassets in Resources */ = {isa = PBXBuildFile; fileRef = 89AC6EF52CCE3C4B00FFACE7 /* Preview Assets.xcassets */; };
		89D2D1A32D8942C5002BC6DA /* SoundManager.swift in Sources */ = {isa = PBXBuildFile; fileRef = 89D2D1A22D8942C5002BC6DA /* SoundManager.swift */; };
		89D2D1A62D89466E002BC6DA /* x_sound.mp3 in Resources */ = {isa = PBXBuildFile; fileRef = 89D2D1A52D89466E002BC6DA /* x_sound.mp3 */; };
		89D2D1A82D89468C002BC6DA /* o_sound.mp3 in Resources */ = {isa = PBXBuildFile; fileRef = 89D2D1A72D89468C002BC6DA /* o_sound.mp3 */; };
		89D2D1AA2D8949A3002BC6DA /* win_sound.mp3 in Resources */ = {isa = PBXBuildFile; fileRef = 89D2D1A92D8949A3002BC6DA /* win_sound.mp3 */; };
		89F6AC712D3FA9E2000F6BB0 /* HapticManager.swift in Sources */ = {isa = PBXBuildFile; fileRef = 89F6AC702D3FA9E2000F6BB0 /* HapticManager.swift */; };
/* End PBXBuildFile section */

/* Begin PBXFileReference section */
		8925CDF12D532DF0008D69CE /* LaunchView.swift */ = {isa = PBXFileReference; lastKnownFileType = sourcecode.swift; path = LaunchView.swift; sourceTree = "<group>"; };
		8925CDF42D532F90008D69CE /* LaunchScreen.storyboard */ = {isa = PBXFileReference; lastKnownFileType = file.storyboard; path = LaunchScreen.storyboard; sourceTree = "<group>"; };
		8925CDF62D5332C7008D69CE /* LaunchViewModel.swift */ = {isa = PBXFileReference; lastKnownFileType = sourcecode.swift; path = LaunchViewModel.swift; sourceTree = "<group>"; };
		8925CDF92D5360E6008D69CE /* CircleButtonView.swift */ = {isa = PBXFileReference; lastKnownFileType = sourcecode.swift; path = CircleButtonView.swift; sourceTree = "<group>"; };
		8925CDFC2D53617C008D69CE /* SettingsView.swift */ = {isa = PBXFileReference; lastKnownFileType = sourcecode.swift; path = SettingsView.swift; sourceTree = "<group>"; };
		8925CDFE2D53631E008D69CE /* XmarkButton.swift */ = {isa = PBXFileReference; lastKnownFileType = sourcecode.swift; path = XmarkButton.swift; sourceTree = "<group>"; };
		893D90672CD38AC400968AFC /* TicTacToeViewModel.swift */ = {isa = PBXFileReference; lastKnownFileType = sourcecode.swift; path = TicTacToeViewModel.swift; sourceTree = "<group>"; };
		893D90692CD38ADD00968AFC /* TicTacToeModel.swift */ = {isa = PBXFileReference; lastKnownFileType = sourcecode.swift; path = TicTacToeModel.swift; sourceTree = "<group>"; };
		89AC6EEB2CCE3C4900FFACE7 /* XOXO-TicTacToe.app */ = {isa = PBXFileReference; explicitFileType = wrapper.application; includeInIndex = 0; path = "XOXO-TicTacToe.app"; sourceTree = BUILT_PRODUCTS_DIR; };
		89AC6EEE2CCE3C4900FFACE7 /* XOXO_TicTacToeApp.swift */ = {isa = PBXFileReference; lastKnownFileType = sourcecode.swift; path = XOXO_TicTacToeApp.swift; sourceTree = "<group>"; };
		89AC6EF02CCE3C4900FFACE7 /* HomeView.swift */ = {isa = PBXFileReference; lastKnownFileType = sourcecode.swift; path = HomeView.swift; sourceTree = "<group>"; };
		89AC6EF22CCE3C4B00FFACE7 /* Assets.xcassets */ = {isa = PBXFileReference; lastKnownFileType = folder.assetcatalog; path = Assets.xcassets; sourceTree = "<group>"; };
		89AC6EF52CCE3C4B00FFACE7 /* Preview Assets.xcassets */ = {isa = PBXFileReference; lastKnownFileType = folder.assetcatalog; path = "Preview Assets.xcassets"; sourceTree = "<group>"; };
		89D2D1A22D8942C5002BC6DA /* SoundManager.swift */ = {isa = PBXFileReference; lastKnownFileType = sourcecode.swift; path = SoundManager.swift; sourceTree = "<group>"; };
		89D2D1A52D89466E002BC6DA /* x_sound.mp3 */ = {isa = PBXFileReference; lastKnownFileType = audio.mp3; path = x_sound.mp3; sourceTree = "<group>"; };
		89D2D1A72D89468C002BC6DA /* o_sound.mp3 */ = {isa = PBXFileReference; lastKnownFileType = audio.mp3; path = o_sound.mp3; sourceTree = "<group>"; };
		89D2D1A92D8949A3002BC6DA /* win_sound.mp3 */ = {isa = PBXFileReference; lastKnownFileType = audio.mp3; path = win_sound.mp3; sourceTree = "<group>"; };
		89F6AC702D3FA9E2000F6BB0 /* HapticManager.swift */ = {isa = PBXFileReference; lastKnownFileType = sourcecode.swift; path = HapticManager.swift; sourceTree = "<group>"; };
/* End PBXFileReference section */

/* Begin PBXFrameworksBuildPhase section */
		89AC6EE82CCE3C4900FFACE7 /* Frameworks */ = {
			isa = PBXFrameworksBuildPhase;
			buildActionMask = 2147483647;
			files = (
			);
			runOnlyForDeploymentPostprocessing = 0;
		};
/* End PBXFrameworksBuildPhase section */

/* Begin PBXGroup section */
		8925CDEE2D532D86008D69CE /* Launch */ = {
			isa = PBXGroup;
			children = (
				8925CDF02D532DD9008D69CE /* ViewModel */,
				8925CDEF2D532DC6008D69CE /* View */,
			);
			path = Launch;
			sourceTree = "<group>";
		};
		8925CDEF2D532DC6008D69CE /* View */ = {
			isa = PBXGroup;
			children = (
				8925CDF12D532DF0008D69CE /* LaunchView.swift */,
				8925CDF42D532F90008D69CE /* LaunchScreen.storyboard */,
			);
			path = View;
			sourceTree = "<group>";
		};
		8925CDF02D532DD9008D69CE /* ViewModel */ = {
			isa = PBXGroup;
			children = (
				8925CDF62D5332C7008D69CE /* LaunchViewModel.swift */,
			);
			path = ViewModel;
			sourceTree = "<group>";
		};
		8925CDF32D532E34008D69CE /* Home */ = {
			isa = PBXGroup;
			children = (
				89F6AC732D3FB5D3000F6BB0 /* ViewModel */,
				89F6AC722D3FB5C7000F6BB0 /* View */,
			);
			path = Home;
			sourceTree = "<group>";
		};
		8925CDF82D5360CC008D69CE /* Components */ = {
			isa = PBXGroup;
			children = (
				8925CDF92D5360E6008D69CE /* CircleButtonView.swift */,
				8925CDFE2D53631E008D69CE /* XmarkButton.swift */,
			);
			path = Components;
			sourceTree = "<group>";
		};
		8925CDFB2D536164008D69CE /* Settings */ = {
			isa = PBXGroup;
			children = (
				8925CDFC2D53617C008D69CE /* SettingsView.swift */,
			);
			path = Settings;
			sourceTree = "<group>";
		};
		89AC6EE22CCE3C4900FFACE7 = {
			isa = PBXGroup;
			children = (
				89AC6EED2CCE3C4900FFACE7 /* XOXO-TicTacToe */,
				89AC6EEC2CCE3C4900FFACE7 /* Products */,
			);
			sourceTree = "<group>";
		};
		89AC6EEC2CCE3C4900FFACE7 /* Products */ = {
			isa = PBXGroup;
			children = (
				89AC6EEB2CCE3C4900FFACE7 /* XOXO-TicTacToe.app */,
			);
			name = Products;
			sourceTree = "<group>";
		};
		89AC6EED2CCE3C4900FFACE7 /* XOXO-TicTacToe */ = {
			isa = PBXGroup;
			children = (
				89AC6EEE2CCE3C4900FFACE7 /* XOXO_TicTacToeApp.swift */,
				89F6AC752D3FB61E000F6BB0 /* Utilities  */,
				89F6AC742D3FB5F4000F6BB0 /* Model */,
				89AF125B2D5242F30011C8B9 /* Core */,
				89AC6EF22CCE3C4B00FFACE7 /* Assets.xcassets */,
				89AC6EF42CCE3C4B00FFACE7 /* Preview Content */,
			);
			path = "XOXO-TicTacToe";
			sourceTree = "<group>";
		};
		89AC6EF42CCE3C4B00FFACE7 /* Preview Content */ = {
			isa = PBXGroup;
			children = (
				89AC6EF52CCE3C4B00FFACE7 /* Preview Assets.xcassets */,
			);
			path = "Preview Content";
			sourceTree = "<group>";
		};
		89AF125B2D5242F30011C8B9 /* Core */ = {
			isa = PBXGroup;
			children = (
				89D2D1A42D894651002BC6DA /* Sound */,
				8925CDFB2D536164008D69CE /* Settings */,
				8925CDF82D5360CC008D69CE /* Components */,
				8925CDF32D532E34008D69CE /* Home */,
				8925CDEE2D532D86008D69CE /* Launch */,
			);
			path = Core;
			sourceTree = "<group>";
		};
		89D2D1A42D894651002BC6DA /* Sound */ = {
			isa = PBXGroup;
			children = (
				89D2D1A72D89468C002BC6DA /* o_sound.mp3 */,
				89D2D1A92D8949A3002BC6DA /* win_sound.mp3 */,
				89D2D1A52D89466E002BC6DA /* x_sound.mp3 */,
			);
			path = Sound;
			sourceTree = "<group>";
		};
		89F6AC722D3FB5C7000F6BB0 /* View */ = {
			isa = PBXGroup;
			children = (
				89AC6EF02CCE3C4900FFACE7 /* HomeView.swift */,
			);
			path = View;
			sourceTree = "<group>";
		};
		89F6AC732D3FB5D3000F6BB0 /* ViewModel */ = {
			isa = PBXGroup;
			children = (
				893D90672CD38AC400968AFC /* TicTacToeViewModel.swift */,
			);
			path = ViewModel;
			sourceTree = "<group>";
		};
		89F6AC742D3FB5F4000F6BB0 /* Model */ = {
			isa = PBXGroup;
			children = (
				893D90692CD38ADD00968AFC /* TicTacToeModel.swift */,
			);
			path = Model;
			sourceTree = "<group>";
		};
		89F6AC752D3FB61E000F6BB0 /* Utilities  */ = {
			isa = PBXGroup;
			children = (
				89F6AC702D3FA9E2000F6BB0 /* HapticManager.swift */,
				89D2D1A22D8942C5002BC6DA /* SoundManager.swift */,
			);
			path = "Utilities ";
			sourceTree = "<group>";
		};
/* End PBXGroup section */

/* Begin PBXNativeTarget section */
		89AC6EEA2CCE3C4900FFACE7 /* XOXO-TicTacToe */ = {
			isa = PBXNativeTarget;
			buildConfigurationList = 89AC6EF92CCE3C4B00FFACE7 /* Build configuration list for PBXNativeTarget "XOXO-TicTacToe" */;
			buildPhases = (
				89AC6EE72CCE3C4900FFACE7 /* Sources */,
				89AC6EE82CCE3C4900FFACE7 /* Frameworks */,
				89AC6EE92CCE3C4900FFACE7 /* Resources */,
			);
			buildRules = (
			);
			dependencies = (
			);
			name = "XOXO-TicTacToe";
			productName = "XOXO-TicTacToe";
			productReference = 89AC6EEB2CCE3C4900FFACE7 /* XOXO-TicTacToe.app */;
			productType = "com.apple.product-type.application";
		};
/* End PBXNativeTarget section */

/* Begin PBXProject section */
		89AC6EE32CCE3C4900FFACE7 /* Project object */ = {
			isa = PBXProject;
			attributes = {
				BuildIndependentTargetsInParallel = 1;
				LastSwiftUpdateCheck = 1540;
				LastUpgradeCheck = 1540;
				TargetAttributes = {
					89AC6EEA2CCE3C4900FFACE7 = {
						CreatedOnToolsVersion = 15.4;
					};
				};
			};
			buildConfigurationList = 89AC6EE62CCE3C4900FFACE7 /* Build configuration list for PBXProject "XOXO-TicTacToe" */;
			compatibilityVersion = "Xcode 14.0";
			developmentRegion = en;
			hasScannedForEncodings = 0;
			knownRegions = (
				en,
				Base,
			);
			mainGroup = 89AC6EE22CCE3C4900FFACE7;
			productRefGroup = 89AC6EEC2CCE3C4900FFACE7 /* Products */;
			projectDirPath = "";
			projectRoot = "";
			targets = (
				89AC6EEA2CCE3C4900FFACE7 /* XOXO-TicTacToe */,
			);
		};
/* End PBXProject section */

/* Begin PBXResourcesBuildPhase section */
		89AC6EE92CCE3C4900FFACE7 /* Resources */ = {
			isa = PBXResourcesBuildPhase;
			buildActionMask = 2147483647;
			files = (
				89D2D1A82D89468C002BC6DA /* o_sound.mp3 in Resources */,
				8925CDF52D532F90008D69CE /* LaunchScreen.storyboard in Resources */,
				89AC6EF62CCE3C4B00FFACE7 /* Preview Assets.xcassets in Resources */,
				89AC6EF32CCE3C4B00FFACE7 /* Assets.xcassets in Resources */,
				89D2D1A62D89466E002BC6DA /* x_sound.mp3 in Resources */,
				89D2D1AA2D8949A3002BC6DA /* win_sound.mp3 in Resources */,
			);
			runOnlyForDeploymentPostprocessing = 0;
		};
/* End PBXResourcesBuildPhase section */

/* Begin PBXSourcesBuildPhase section */
		89AC6EE72CCE3C4900FFACE7 /* Sources */ = {
			isa = PBXSourcesBuildPhase;
			buildActionMask = 2147483647;
			files = (
				893D906A2CD38ADD00968AFC /* TicTacToeModel.swift in Sources */,
				8925CDF22D532DF0008D69CE /* LaunchView.swift in Sources */,
				8925CDF72D5332C7008D69CE /* LaunchViewModel.swift in Sources */,
				8925CDFD2D53617C008D69CE /* SettingsView.swift in Sources */,
				8925CDFA2D5360E6008D69CE /* CircleButtonView.swift in Sources */,
				8925CDFF2D53631E008D69CE /* XmarkButton.swift in Sources */,
				89F6AC712D3FA9E2000F6BB0 /* HapticManager.swift in Sources */,
				89AC6EF12CCE3C4900FFACE7 /* HomeView.swift in Sources */,
				893D90682CD38AC400968AFC /* TicTacToeViewModel.swift in Sources */,
				89D2D1A32D8942C5002BC6DA /* SoundManager.swift in Sources */,
				89AC6EEF2CCE3C4900FFACE7 /* XOXO_TicTacToeApp.swift in Sources */,
			);
			runOnlyForDeploymentPostprocessing = 0;
		};
/* End PBXSourcesBuildPhase section */

/* Begin XCBuildConfiguration section */
		89AC6EF72CCE3C4B00FFACE7 /* Debug */ = {
			isa = XCBuildConfiguration;
			buildSettings = {
				ALWAYS_SEARCH_USER_PATHS = NO;
				ASSETCATALOG_COMPILER_GENERATE_SWIFT_ASSET_SYMBOL_EXTENSIONS = YES;
				CLANG_ANALYZER_NONNULL = YES;
				CLANG_ANALYZER_NUMBER_OBJECT_CONVERSION = YES_AGGRESSIVE;
				CLANG_CXX_LANGUAGE_STANDARD = "gnu++20";
				CLANG_ENABLE_MODULES = YES;
				CLANG_ENABLE_OBJC_ARC = YES;
				CLANG_ENABLE_OBJC_WEAK = YES;
				CLANG_WARN_BLOCK_CAPTURE_AUTORELEASING = YES;
				CLANG_WARN_BOOL_CONVERSION = YES;
				CLANG_WARN_COMMA = YES;
				CLANG_WARN_CONSTANT_CONVERSION = YES;
				CLANG_WARN_DEPRECATED_OBJC_IMPLEMENTATIONS = YES;
				CLANG_WARN_DIRECT_OBJC_ISA_USAGE = YES_ERROR;
				CLANG_WARN_DOCUMENTATION_COMMENTS = YES;
				CLANG_WARN_EMPTY_BODY = YES;
				CLANG_WARN_ENUM_CONVERSION = YES;
				CLANG_WARN_INFINITE_RECURSION = YES;
				CLANG_WARN_INT_CONVERSION = YES;
				CLANG_WARN_NON_LITERAL_NULL_CONVERSION = YES;
				CLANG_WARN_OBJC_IMPLICIT_RETAIN_SELF = YES;
				CLANG_WARN_OBJC_LITERAL_CONVERSION = YES;
				CLANG_WARN_OBJC_ROOT_CLASS = YES_ERROR;
				CLANG_WARN_QUOTED_INCLUDE_IN_FRAMEWORK_HEADER = YES;
				CLANG_WARN_RANGE_LOOP_ANALYSIS = YES;
				CLANG_WARN_STRICT_PROTOTYPES = YES;
				CLANG_WARN_SUSPICIOUS_MOVE = YES;
				CLANG_WARN_UNGUARDED_AVAILABILITY = YES_AGGRESSIVE;
				CLANG_WARN_UNREACHABLE_CODE = YES;
				CLANG_WARN__DUPLICATE_METHOD_MATCH = YES;
				COPY_PHASE_STRIP = NO;
				DEBUG_INFORMATION_FORMAT = dwarf;
				ENABLE_STRICT_OBJC_MSGSEND = YES;
				ENABLE_TESTABILITY = YES;
				ENABLE_USER_SCRIPT_SANDBOXING = YES;
				GCC_C_LANGUAGE_STANDARD = gnu17;
				GCC_DYNAMIC_NO_PIC = NO;
				GCC_NO_COMMON_BLOCKS = YES;
				GCC_OPTIMIZATION_LEVEL = 0;
				GCC_PREPROCESSOR_DEFINITIONS = (
					"DEBUG=1",
					"$(inherited)",
				);
				GCC_WARN_64_TO_32_BIT_CONVERSION = YES;
				GCC_WARN_ABOUT_RETURN_TYPE = YES_ERROR;
				GCC_WARN_UNDECLARED_SELECTOR = YES;
				GCC_WARN_UNINITIALIZED_AUTOS = YES_AGGRESSIVE;
				GCC_WARN_UNUSED_FUNCTION = YES;
				GCC_WARN_UNUSED_VARIABLE = YES;
				IPHONEOS_DEPLOYMENT_TARGET = 17.5;
				LOCALIZATION_PREFERS_STRING_CATALOGS = YES;
				MTL_ENABLE_DEBUG_INFO = INCLUDE_SOURCE;
				MTL_FAST_MATH = YES;
				ONLY_ACTIVE_ARCH = YES;
				SDKROOT = iphoneos;
				SWIFT_ACTIVE_COMPILATION_CONDITIONS = "DEBUG $(inherited)";
				SWIFT_OPTIMIZATION_LEVEL = "-Onone";
			};
			name = Debug;
		};
		89AC6EF82CCE3C4B00FFACE7 /* Release */ = {
			isa = XCBuildConfiguration;
			buildSettings = {
				ALWAYS_SEARCH_USER_PATHS = NO;
				ASSETCATALOG_COMPILER_GENERATE_SWIFT_ASSET_SYMBOL_EXTENSIONS = YES;
				CLANG_ANALYZER_NONNULL = YES;
				CLANG_ANALYZER_NUMBER_OBJECT_CONVERSION = YES_AGGRESSIVE;
				CLANG_CXX_LANGUAGE_STANDARD = "gnu++20";
				CLANG_ENABLE_MODULES = YES;
				CLANG_ENABLE_OBJC_ARC = YES;
				CLANG_ENABLE_OBJC_WEAK = YES;
				CLANG_WARN_BLOCK_CAPTURE_AUTORELEASING = YES;
				CLANG_WARN_BOOL_CONVERSION = YES;
				CLANG_WARN_COMMA = YES;
				CLANG_WARN_CONSTANT_CONVERSION = YES;
				CLANG_WARN_DEPRECATED_OBJC_IMPLEMENTATIONS = YES;
				CLANG_WARN_DIRECT_OBJC_ISA_USAGE = YES_ERROR;
				CLANG_WARN_DOCUMENTATION_COMMENTS = YES;
				CLANG_WARN_EMPTY_BODY = YES;
				CLANG_WARN_ENUM_CONVERSION = YES;
				CLANG_WARN_INFINITE_RECURSION = YES;
				CLANG_WARN_INT_CONVERSION = YES;
				CLANG_WARN_NON_LITERAL_NULL_CONVERSION = YES;
				CLANG_WARN_OBJC_IMPLICIT_RETAIN_SELF = YES;
				CLANG_WARN_OBJC_LITERAL_CONVERSION = YES;
				CLANG_WARN_OBJC_ROOT_CLASS = YES_ERROR;
				CLANG_WARN_QUOTED_INCLUDE_IN_FRAMEWORK_HEADER = YES;
				CLANG_WARN_RANGE_LOOP_ANALYSIS = YES;
				CLANG_WARN_STRICT_PROTOTYPES = YES;
				CLANG_WARN_SUSPICIOUS_MOVE = YES;
				CLANG_WARN_UNGUARDED_AVAILABILITY = YES_AGGRESSIVE;
				CLANG_WARN_UNREACHABLE_CODE = YES;
				CLANG_WARN__DUPLICATE_METHOD_MATCH = YES;
				COPY_PHASE_STRIP = NO;
				DEBUG_INFORMATION_FORMAT = "dwarf-with-dsym";
				ENABLE_NS_ASSERTIONS = NO;
				ENABLE_STRICT_OBJC_MSGSEND = YES;
				ENABLE_USER_SCRIPT_SANDBOXING = YES;
				GCC_C_LANGUAGE_STANDARD = gnu17;
				GCC_NO_COMMON_BLOCKS = YES;
				GCC_WARN_64_TO_32_BIT_CONVERSION = YES;
				GCC_WARN_ABOUT_RETURN_TYPE = YES_ERROR;
				GCC_WARN_UNDECLARED_SELECTOR = YES;
				GCC_WARN_UNINITIALIZED_AUTOS = YES_AGGRESSIVE;
				GCC_WARN_UNUSED_FUNCTION = YES;
				GCC_WARN_UNUSED_VARIABLE = YES;
				IPHONEOS_DEPLOYMENT_TARGET = 17.5;
				LOCALIZATION_PREFERS_STRING_CATALOGS = YES;
				MTL_ENABLE_DEBUG_INFO = NO;
				MTL_FAST_MATH = YES;
				SDKROOT = iphoneos;
				SWIFT_COMPILATION_MODE = wholemodule;
				VALIDATE_PRODUCT = YES;
			};
			name = Release;
		};
		89AC6EFA2CCE3C4B00FFACE7 /* Debug */ = {
			isa = XCBuildConfiguration;
			buildSettings = {
				ASSETCATALOG_COMPILER_APPICON_NAME = AppIcon;
				ASSETCATALOG_COMPILER_GLOBAL_ACCENT_COLOR_NAME = AccentColor;
				CODE_SIGN_STYLE = Automatic;
				CURRENT_PROJECT_VERSION = 1;
				DEVELOPMENT_ASSET_PATHS = "\"XOXO-TicTacToe/Preview Content\"";
				DEVELOPMENT_TEAM = VLN82665RD;
				ENABLE_PREVIEWS = YES;
				GENERATE_INFOPLIST_FILE = YES;
				INFOPLIST_KEY_UIApplicationSceneManifest_Generation = YES;
				INFOPLIST_KEY_UIApplicationSupportsIndirectInputEvents = YES;
				INFOPLIST_KEY_UILaunchScreen_Generation = YES;
				INFOPLIST_KEY_UILaunchStoryboardName = LaunchScreen.storyboard;
				INFOPLIST_KEY_UISupportedInterfaceOrientations_iPad = "UIInterfaceOrientationPortrait UIInterfaceOrientationPortraitUpsideDown UIInterfaceOrientationLandscapeLeft UIInterfaceOrientationLandscapeRight";
				INFOPLIST_KEY_UISupportedInterfaceOrientations_iPhone = "UIInterfaceOrientationPortrait UIInterfaceOrientationLandscapeLeft UIInterfaceOrientationLandscapeRight";
				LD_RUNPATH_SEARCH_PATHS = (
					"$(inherited)",
					"@executable_path/Frameworks",
				);
				MARKETING_VERSION = 1.0;
				PRODUCT_BUNDLE_IDENTIFIER = "com.practice.project.XOXO-TicTacToe";
				PRODUCT_NAME = "$(TARGET_NAME)";
				SWIFT_EMIT_LOC_STRINGS = YES;
				SWIFT_VERSION = 5.0;
				TARGETED_DEVICE_FAMILY = "1,2";
			};
			name = Debug;
		};
		89AC6EFB2CCE3C4B00FFACE7 /* Release */ = {
			isa = XCBuildConfiguration;
			buildSettings = {
				ASSETCATALOG_COMPILER_APPICON_NAME = AppIcon;
				ASSETCATALOG_COMPILER_GLOBAL_ACCENT_COLOR_NAME = AccentColor;
				CODE_SIGN_STYLE = Automatic;
				CURRENT_PROJECT_VERSION = 1;
				DEVELOPMENT_ASSET_PATHS = "\"XOXO-TicTacToe/Preview Content\"";
				DEVELOPMENT_TEAM = VLN82665RD;
				ENABLE_PREVIEWS = YES;
				GENERATE_INFOPLIST_FILE = YES;
				INFOPLIST_KEY_UIApplicationSceneManifest_Generation = YES;
				INFOPLIST_KEY_UIApplicationSupportsIndirectInputEvents = YES;
				INFOPLIST_KEY_UILaunchScreen_Generation = YES;
				INFOPLIST_KEY_UILaunchStoryboardName = LaunchScreen.storyboard;
				INFOPLIST_KEY_UISupportedInterfaceOrientations_iPad = "UIInterfaceOrientationPortrait UIInterfaceOrientationPortraitUpsideDown UIInterfaceOrientationLandscapeLeft UIInterfaceOrientationLandscapeRight";
				INFOPLIST_KEY_UISupportedInterfaceOrientations_iPhone = "UIInterfaceOrientationPortrait UIInterfaceOrientationLandscapeLeft UIInterfaceOrientationLandscapeRight";
				LD_RUNPATH_SEARCH_PATHS = (
					"$(inherited)",
					"@executable_path/Frameworks",
				);
				MARKETING_VERSION = 1.0;
				PRODUCT_BUNDLE_IDENTIFIER = "com.practice.project.XOXO-TicTacToe";
				PRODUCT_NAME = "$(TARGET_NAME)";
				SWIFT_EMIT_LOC_STRINGS = YES;
				SWIFT_VERSION = 5.0;
				TARGETED_DEVICE_FAMILY = "1,2";
			};
			name = Release;
		};
/* End XCBuildConfiguration section */

/* Begin XCConfigurationList section */
		89AC6EE62CCE3C4900FFACE7 /* Build configuration list for PBXProject "XOXO-TicTacToe" */ = {
			isa = XCConfigurationList;
			buildConfigurations = (
				89AC6EF72CCE3C4B00FFACE7 /* Debug */,
				89AC6EF82CCE3C4B00FFACE7 /* Release */,
			);
			defaultConfigurationIsVisible = 0;
			defaultConfigurationName = Release;
		};
		89AC6EF92CCE3C4B00FFACE7 /* Build configuration list for PBXNativeTarget "XOXO-TicTacToe" */ = {
			isa = XCConfigurationList;
			buildConfigurations = (
				89AC6EFA2CCE3C4B00FFACE7 /* Debug */,
				89AC6EFB2CCE3C4B00FFACE7 /* Release */,
			);
			defaultConfigurationIsVisible = 0;
			defaultConfigurationName = Release;
		};
/* End XCConfigurationList section */
	};
	rootObject = 89AC6EE32CCE3C4900FFACE7 /* Project object */;
}
